
Microsoft Visual Studio Solution File, Format Version 12.00
# Visual Studio Version 16
VisualStudioVersion = 16.0.29509.3
MinimumVisualStudioVersion = 10.0.40219.1
Project("{FAE04EC0-301F-11D3-BF4B-00C04F79EFBC}") = "ExcelFind", "ExcelFind\ExcelFind.csproj", "{FBBE705B-CEF0-4C88-9503-AD079FCCC69D}"
EndProject
Global
	GlobalSection(SolutionConfigurationPlatforms) = preSolution
		Debug|Any CPU = Debug|Any CPU
		Release|Any CPU = Release|Any CPU
	EndGlobalSection
	GlobalSection(ProjectConfigurationPlatforms) = postSolution
		{FBBE705B-CEF0-4C88-9503-AD079FCCC69D}.Debug|Any CPU.ActiveCfg = Debug|Any CPU
		{FBBE705B-CEF0-4C88-9503-AD079FCCC69D}.Debug|Any CPU.Build.0 = Debug|Any CPU
		{FBBE705B-CEF0-4C88-9503-AD079FCCC69D}.Release|Any CPU.ActiveCfg = Release|Any CPU
		{FBBE705B-CEF0-4C88-9503-AD079FCCC69D}.Release|Any CPU.Build.0 = Release|Any CPU
	EndGlobalSection
	GlobalSection(SolutionProperties) = preSolution
		HideSolutionNode = FALSE
	EndGlobalSection
	GlobalSection(ExtensibilityGlobals) = postSolution
		SolutionGuid = {421FCF37-4C73-47C7-81CE-ADFB5F0E9C9A}
	EndGlobalSection
EndGlobal
